// !$*UTF8*$!
{
	archiveVersion = 1;
	classes = {
	};
	objectVersion = 46;
	objects = {

/* Begin PBXBuildFile section */
		0289C3BF1D7E6A9A00E51A7B /* main.m in Sources */ = {isa = PBXBuildFile; fileRef = 0289C3BE1D7E6A9A00E51A7B /* main.m */; };
		0289C3C21D7E6A9A00E51A7B /* AppDelegate.m in Sources */ = {isa = PBXBuildFile; fileRef = 0289C3C11D7E6A9A00E51A7B /* AppDelegate.m */; };
		0289C3C51D7E6A9A00E51A7B /* ViewController.m in Sources */ = {isa = PBXBuildFile; fileRef = 0289C3C41D7E6A9A00E51A7B /* ViewController.m */; };
		0289C3C81D7E6A9A00E51A7B /* Main.storyboard in Resources */ = {isa = PBXBuildFile; fileRef = 0289C3C61D7E6A9A00E51A7B /* Main.storyboard */; };
		0289C3CA1D7E6A9A00E51A7B /* Assets.xcassets in Resources */ = {isa = PBXBuildFile; fileRef = 0289C3C91D7E6A9A00E51A7B /* Assets.xcassets */; };
		0289C3CD1D7E6A9A00E51A7B /* LaunchScreen.storyboard in Resources */ = {isa = PBXBuildFile; fileRef = 0289C3CB1D7E6A9A00E51A7B /* LaunchScreen.storyboard */; };
		0289C3D81D7E6A9A00E51A7B /* GetAndPostDemoTests.m in Sources */ = {isa = PBXBuildFile; fileRef = 0289C3D71D7E6A9A00E51A7B /* GetAndPostDemoTests.m */; };
		0289C3E31D7E6A9A00E51A7B /* GetAndPostDemoUITests.m in Sources */ = {isa = PBXBuildFile; fileRef = 0289C3E21D7E6A9A00E51A7B /* GetAndPostDemoUITests.m */; };
/* End PBXBuildFile section */

/* Begin PBXContainerItemProxy section */
		0289C3D41D7E6A9A00E51A7B /* PBXContainerItemProxy */ = {
			isa = PBXContainerItemProxy;
			containerPortal = 0289C3B21D7E6A9A00E51A7B /* Project object */;
			proxyType = 1;
			remoteGlobalIDString = 0289C3B91D7E6A9A00E51A7B;
			remoteInfo = GetAndPostDemo;
		};
		0289C3DF1D7E6A9A00E51A7B /* PBXContainerItemProxy */ = {
			isa = PBXContainerItemProxy;
			containerPortal = 0289C3B21D7E6A9A00E51A7B /* Project object */;
			proxyType = 1;
			remoteGlobalIDString = 0289C3B91D7E6A9A00E51A7B;
			remoteInfo = GetAndPostDemo;
		};
/* End PBXContainerItemProxy section */

/* Begin PBXFileReference section */
		0289C3BA1D7E6A9A00E51A7B /* GetAndPostDemo.app */ = {isa = PBXFileReference; explicitFileType = wrapper.application; includeInIndex = 0; path = GetAndPostDemo.app; sourceTree = BUILT_PRODUCTS_DIR; };
		0289C3BE1D7E6A9A00E51A7B /* main.m */ = {isa = PBXFileReference; lastKnownFileType = sourcecode.c.objc; path = main.m; sourceTree = "<group>"; };
		0289C3C01D7E6A9A00E51A7B /* AppDelegate.h */ = {isa = PBXFileReference; lastKnownFileType = sourcecode.c.h; path = AppDelegate.h; sourceTree = "<group>"; };
		0289C3C11D7E6A9A00E51A7B /* AppDelegate.m */ = {isa = PBXFileReference; lastKnownFileType = sourcecode.c.objc; path = AppDelegate.m; sourceTree = "<group>"; };
		0289C3C31D7E6A9A00E51A7B /* ViewController.h */ = {isa = PBXFileReference; lastKnownFileType = sourcecode.c.h; path = ViewController.h; sourceTree = "<group>"; };
		0289C3C41D7E6A9A00E51A7B /* ViewController.m */ = {isa = PBXFileReference; lastKnownFileType = sourcecode.c.objc; path = ViewController.m; sourceTree = "<group>"; };
		0289C3C71D7E6A9A00E51A7B /* Base */ = {isa = PBXFileReference; lastKnownFileType = file.storyboard; name = Base; path = Base.lproj/Main.storyboard; sourceTree = "<group>"; };
		0289C3C91D7E6A9A00E51A7B /* Assets.xcassets */ = {isa = PBXFileReference; lastKnownFileType = folder.assetcatalog; path = Assets.xcassets; sourceTree = "<group>"; };
		0289C3CC1D7E6A9A00E51A7B /* Base */ = {isa = PBXFileReference; lastKnownFileType = file.storyboard; name = Base; path = Base.lproj/LaunchScreen.storyboard; sourceTree = "<group>"; };
		0289C3CE1D7E6A9A00E51A7B /* Info.plist */ = {isa = PBXFileReference; lastKnownFileType = text.plist.xml; path = Info.plist; sourceTree = "<group>"; };
		0289C3D31D7E6A9A00E51A7B /* GetAndPostDemoTests.xctest */ = {isa = PBXFileReference; explicitFileType = wrapper.cfbundle; includeInIndex = 0; path = GetAndPostDemoTests.xctest; sourceTree = BUILT_PRODUCTS_DIR; };
		0289C3D71D7E6A9A00E51A7B /* GetAndPostDemoTests.m */ = {isa = PBXFileReference; lastKnownFileType = sourcecode.c.objc; path = GetAndPostDemoTests.m; sourceTree = "<group>"; };
		0289C3D91D7E6A9A00E51A7B /* Info.plist */ = {isa = PBXFileReference; lastKnownFileType = text.plist.xml; path = Info.plist; sourceTree = "<group>"; };
		0289C3DE1D7E6A9A00E51A7B /* GetAndPostDemoUITests.xctest */ = {isa = PBXFileReference; explicitFileType = wrapper.cfbundle; includeInIndex = 0; path = GetAndPostDemoUITests.xctest; sourceTree = BUILT_PRODUCTS_DIR; };
		0289C3E21D7E6A9A00E51A7B /* GetAndPostDemoUITests.m */ = {isa = PBXFileReference; lastKnownFileType = sourcecode.c.objc; path = GetAndPostDemoUITests.m; sourceTree = "<group>"; };
		0289C3E41D7E6A9A00E51A7B /* Info.plist */ = {isa = PBXFileReference; lastKnownFileType = text.plist.xml; path = Info.plist; sourceTree = "<group>"; };
/* End PBXFileReference section */

/* Begin PBXFrameworksBuildPhase section */
		0289C3B71D7E6A9A00E51A7B /* Frameworks */ = {
			isa = PBXFrameworksBuildPhase;
			buildActionMask = 2147483647;
			files = (
			);
			runOnlyForDeploymentPostprocessing = 0;
		};
		0289C3D01D7E6A9A00E51A7B /* Frameworks */ = {
			isa = PBXFrameworksBuildPhase;
			buildActionMask = 2147483647;
			files = (
			);
			runOnlyForDeploymentPostprocessing = 0;
		};
		0289C3DB1D7E6A9A00E51A7B /* Frameworks */ = {
			isa = PBXFrameworksBuildPhase;
			buildActionMask = 2147483647;
			files = (
			);
			runOnlyForDeploymentPostprocessing = 0;
		};
/* End PBXFrameworksBuildPhase section */

/* Begin PBXGroup section */
		0289C3B11D7E6A9A00E51A7B = {
			isa = PBXGroup;
			children = (
				0289C3BC1D7E6A9A00E51A7B /* GetAndPostDemo */,
				0289C3D61D7E6A9A00E51A7B /* GetAndPostDemoTests */,
				0289C3E11D7E6A9A00E51A7B /* GetAndPostDemoUITests */,
				0289C3BB1D7E6A9A00E51A7B /* Products */,
			);
			sourceTree = "<group>";
		};
		0289C3BB1D7E6A9A00E51A7B /* Products */ = {
			isa = PBXGroup;
			children = (
				0289C3BA1D7E6A9A00E51A7B /* GetAndPostDemo.app */,
				0289C3D31D7E6A9A00E51A7B /* GetAndPostDemoTests.xctest */,
				0289C3DE1D7E6A9A00E51A7B /* GetAndPostDemoUITests.xctest */,
			);
			name = Products;
			sourceTree = "<group>";
		};
		0289C3BC1D7E6A9A00E51A7B /* GetAndPostDemo */ = {
			isa = PBXGroup;
			children = (
				0289C3C01D7E6A9A00E51A7B /* AppDelegate.h */,
				0289C3C11D7E6A9A00E51A7B /* AppDelegate.m */,
				0289C3C31D7E6A9A00E51A7B /* ViewController.h */,
				0289C3C41D7E6A9A00E51A7B /* ViewController.m */,
				0289C3C61D7E6A9A00E51A7B /* Main.storyboard */,
				0289C3C91D7E6A9A00E51A7B /* Assets.xcassets */,
				0289C3CB1D7E6A9A00E51A7B /* LaunchScreen.storyboard */,
				0289C3CE1D7E6A9A00E51A7B /* Info.plist */,
				0289C3BD1D7E6A9A00E51A7B /* Supporting Files */,
			);
			path = GetAndPostDemo;
			sourceTree = "<group>";
		};
		0289C3BD1D7E6A9A00E51A7B /* Supporting Files */ = {
			isa = PBXGroup;
			children = (
				0289C3BE1D7E6A9A00E51A7B /* main.m */,
			);
			name = "Supporting Files";
			sourceTree = "<group>";
		};
		0289C3D61D7E6A9A00E51A7B /* GetAndPostDemoTests */ = {
			isa = PBXGroup;
			children = (
				0289C3D71D7E6A9A00E51A7B /* GetAndPostDemoTests.m */,
				0289C3D91D7E6A9A00E51A7B /* Info.plist */,
			);
			path = GetAndPostDemoTests;
			sourceTree = "<group>";
		};
		0289C3E11D7E6A9A00E51A7B /* GetAndPostDemoUITests */ = {
			isa = PBXGroup;
			children = (
				0289C3E21D7E6A9A00E51A7B /* GetAndPostDemoUITests.m */,
				0289C3E41D7E6A9A00E51A7B /* Info.plist */,
			);
			path = GetAndPostDemoUITests;
			sourceTree = "<group>";
		};
/* End PBXGroup section */

/* Begin PBXNativeTarget section */
		0289C3B91D7E6A9A00E51A7B /* GetAndPostDemo */ = {
			isa = PBXNativeTarget;
			buildConfigurationList = 0289C3E71D7E6A9A00E51A7B /* Build configuration list for PBXNativeTarget "GetAndPostDemo" */;
			buildPhases = (
				0289C3B61D7E6A9A00E51A7B /* Sources */,
				0289C3B71D7E6A9A00E51A7B /* Frameworks */,
				0289C3B81D7E6A9A00E51A7B /* Resources */,
			);
			buildRules = (
			);
			dependencies = (
			);
			name = GetAndPostDemo;
			productName = GetAndPostDemo;
			productReference = 0289C3BA1D7E6A9A00E51A7B /* GetAndPostDemo.app */;
			productType = "com.apple.product-type.application";
		};
		0289C3D21D7E6A9A00E51A7B /* GetAndPostDemoTests */ = {
			isa = PBXNativeTarget;
			buildConfigurationList = 0289C3EA1D7E6A9A00E51A7B /* Build configuration list for PBXNativeTarget "GetAndPostDemoTests" */;
			buildPhases = (
				0289C3CF1D7E6A9A00E51A7B /* Sources */,
				0289C3D01D7E6A9A00E51A7B /* Frameworks */,
				0289C3D11D7E6A9A00E51A7B /* Resources */,
			);
			buildRules = (
			);
			dependencies = (
				0289C3D51D7E6A9A00E51A7B /* PBXTargetDependency */,
			);
			name = GetAndPostDemoTests;
			productName = GetAndPostDemoTests;
			productReference = 0289C3D31D7E6A9A00E51A7B /* GetAndPostDemoTests.xctest */;
			productType = "com.apple.product-type.bundle.unit-test";
		};
		0289C3DD1D7E6A9A00E51A7B /* GetAndPostDemoUITests */ = {
			isa = PBXNativeTarget;
			buildConfigurationList = 0289C3ED1D7E6A9A00E51A7B /* Build configuration list for PBXNativeTarget "GetAndPostDemoUITests" */;
			buildPhases = (
				0289C3DA1D7E6A9A00E51A7B /* Sources */,
				0289C3DB1D7E6A9A00E51A7B /* Frameworks */,
				0289C3DC1D7E6A9A00E51A7B /* Resources */,
			);
			buildRules = (
			);
			dependencies = (
				0289C3E01D7E6A9A00E51A7B /* PBXTargetDependency */,
			);
			name = GetAndPostDemoUITests;
			productName = GetAndPostDemoUITests;
			productReference = 0289C3DE1D7E6A9A00E51A7B /* GetAndPostDemoUITests.xctest */;
			productType = "com.apple.product-type.bundle.ui-testing";
		};
/* End PBXNativeTarget section */

/* Begin PBXProject section */
		0289C3B21D7E6A9A00E51A7B /* Project object */ = {
			isa = PBXProject;
			attributes = {
				LastUpgradeCheck = 0730;
				ORGANIZATIONNAME = "MengLong Wu";
				TargetAttributes = {
					0289C3B91D7E6A9A00E51A7B = {
						CreatedOnToolsVersion = 7.3;
					};
					0289C3D21D7E6A9A00E51A7B = {
						CreatedOnToolsVersion = 7.3;
						TestTargetID = 0289C3B91D7E6A9A00E51A7B;
					};
					0289C3DD1D7E6A9A00E51A7B = {
						CreatedOnToolsVersion = 7.3;
						TestTargetID = 0289C3B91D7E6A9A00E51A7B;
					};
				};
			};
			buildConfigurationList = 0289C3B51D7E6A9A00E51A7B /* Build configuration list for PBXProject "GetAndPostDemo" */;
			compatibilityVersion = "Xcode 3.2";
			developmentRegion = English;
			hasScannedForEncodings = 0;
			knownRegions = (
				en,
				Base,
			);
			mainGroup = 0289C3B11D7E6A9A00E51A7B;
			productRefGroup = 0289C3BB1D7E6A9A00E51A7B /* Products */;
			projectDirPath = "";
			projectRoot = "";
			targets = (
				0289C3B91D7E6A9A00E51A7B /* GetAndPostDemo */,
				0289C3D21D7E6A9A00E51A7B /* GetAndPostDemoTests */,
				0289C3DD1D7E6A9A00E51A7B /* GetAndPostDemoUITests */,
			);
		};
/* End PBXProject section */

/* Begin PBXResourcesBuildPhase section */
		0289C3B81D7E6A9A00E51A7B /* Resources */ = {
			isa = PBXResourcesBuildPhase;
			buildActionMask = 2147483647;
			files = (
				0289C3CD1D7E6A9A00E51A7B /* LaunchScreen.storyboard in Resources */,
				0289C3CA1D7E6A9A00E51A7B /* Assets.xcassets in Resources */,
				0289C3C81D7E6A9A00E51A7B /* Main.storyboard in Resources */,
			);
			runOnlyForDeploymentPostprocessing = 0;
		};
		0289C3D11D7E6A9A00E51A7B /* Resources */ = {
			isa = PBXResourcesBuildPhase;
			buildActionMask = 2147483647;
			files = (
			);
			runOnlyForDeploymentPostprocessing = 0;
		};
		0289C3DC1D7E6A9A00E51A7B /* Resources */ = {
			isa = PBXResourcesBuildPhase;
			buildActionMask = 2147483647;
			files = (
			);
			runOnlyForDeploymentPostprocessing = 0;
		};
/* End PBXResourcesBuildPhase section */

/* Begin PBXSourcesBuildPhase section */
		0289C3B61D7E6A9A00E51A7B /* Sources */ = {
			isa = PBXSourcesBuildPhase;
			buildActionMask = 2147483647;
			files = (
				0289C3C51D7E6A9A00E51A7B /* ViewController.m in Sources */,
				0289C3C21D7E6A9A00E51A7B /* AppDelegate.m in Sources */,
				0289C3BF1D7E6A9A00E51A7B /* main.m in Sources */,
			);
			runOnlyForDeploymentPostprocessing = 0;
		};
		0289C3CF1D7E6A9A00E51A7B /* Sources */ = {
			isa = PBXSourcesBuildPhase;
			buildActionMask = 2147483647;
			files = (
				0289C3D81D7E6A9A00E51A7B /* GetAndPostDemoTests.m in Sources */,
			);
			runOnlyForDeploymentPostprocessing = 0;
		};
		0289C3DA1D7E6A9A00E51A7B /* Sources */ = {
			isa = PBXSourcesBuildPhase;
			buildActionMask = 2147483647;
			files = (
				0289C3E31D7E6A9A00E51A7B /* GetAndPostDemoUITests.m in Sources */,
			);
			runOnlyForDeploymentPostprocessing = 0;
		};
/* End PBXSourcesBuildPhase section */

/* Begin PBXTargetDependency section */
		0289C3D51D7E6A9A00E51A7B /* PBXTargetDependency */ = {
			isa = PBXTargetDependency;
			target = 0289C3B91D7E6A9A00E51A7B /* GetAndPostDemo */;
			targetProxy = 0289C3D41D7E6A9A00E51A7B /* PBXContainerItemProxy */;
		};
		0289C3E01D7E6A9A00E51A7B /* PBXTargetDependency */ = {
			isa = PBXTargetDependency;
			target = 0289C3B91D7E6A9A00E51A7B /* GetAndPostDemo */;
			targetProxy = 0289C3DF1D7E6A9A00E51A7B /* PBXContainerItemProxy */;
		};
/* End PBXTargetDependency section */

/* Begin PBXVariantGroup section */
		0289C3C61D7E6A9A00E51A7B /* Main.storyboard */ = {
			isa = PBXVariantGroup;
			children = (
				0289C3C71D7E6A9A00E51A7B /* Base */,
			);
			name = Main.storyboard;
			sourceTree = "<group>";
		};
		0289C3CB1D7E6A9A00E51A7B /* LaunchScreen.storyboard */ = {
			isa = PBXVariantGroup;
			children = (
				0289C3CC1D7E6A9A00E51A7B /* Base */,
			);
			name = LaunchScreen.storyboard;
			sourceTree = "<group>";
		};
/* End PBXVariantGroup section */

/* Begin XCBuildConfiguration section */
		0289C3E51D7E6A9A00E51A7B /* Debug */ = {
			isa = XCBuildConfiguration;
			buildSettings = {
				ALWAYS_SEARCH_USER_PATHS = NO;
				CLANG_ANALYZER_NONNULL = YES;
				CLANG_CXX_LANGUAGE_STANDARD = "gnu++0x";
				CLANG_CXX_LIBRARY = "libc++";
				CLANG_ENABLE_MODULES = YES;
				CLANG_ENABLE_OBJC_ARC = YES;
				CLANG_WARN_BOOL_CONVERSION = YES;
				CLANG_WARN_CONSTANT_CONVERSION = YES;
				CLANG_WARN_DIRECT_OBJC_ISA_USAGE = YES_ERROR;
				CLANG_WARN_EMPTY_BODY = YES;
				CLANG_WARN_ENUM_CONVERSION = YES;
				CLANG_WARN_INT_CONVERSION = YES;
				CLANG_WARN_OBJC_ROOT_CLASS = YES_ERROR;
				CLANG_WARN_UNREACHABLE_CODE = YES;
				CLANG_WARN__DUPLICATE_METHOD_MATCH = YES;
				"CODE_SIGN_IDENTITY[sdk=iphoneos*]" = "iPhone Developer";
				COPY_PHASE_STRIP = NO;
				DEBUG_INFORMATION_FORMAT = dwarf;
				ENABLE_STRICT_OBJC_MSGSEND = YES;
				ENABLE_TESTABILITY = YES;
				GCC_C_LANGUAGE_STANDARD = gnu99;
				GCC_DYNAMIC_NO_PIC = NO;
				GCC_NO_COMMON_BLOCKS = YES;
				GCC_OPTIMIZATION_LEVEL = 0;
				GCC_PREPROCESSOR_DEFINITIONS = (
					"DEBUG=1",
					"$(inherited)",
				);
				GCC_WARN_64_TO_32_BIT_CONVERSION = YES;
				GCC_WARN_ABOUT_RETURN_TYPE = YES_ERROR;
				GCC_WARN_UNDECLARED_SELECTOR = YES;
				GCC_WARN_UNINITIALIZED_AUTOS = YES_AGGRESSIVE;
				GCC_WARN_UNUSED_FUNCTION = YES;
				GCC_WARN_UNUSED_VARIABLE = YES;
				IPHONEOS_DEPLOYMENT_TARGET = 9.3;
				MTL_ENABLE_DEBUG_INFO = YES;
				ONLY_ACTIVE_ARCH = YES;
				SDKROOT = iphoneos;
			};
			name = Debug;
		};
		0289C3E61D7E6A9A00E51A7B /* Release */ = {
			isa = XCBuildConfiguration;
			buildSettings = {
				ALWAYS_SEARCH_USER_PATHS = NO;
				CLANG_ANALYZER_NONNULL = YES;
				CLANG_CXX_LANGUAGE_STANDARD = "gnu++0x";
				CLANG_CXX_LIBRARY = "libc++";
				CLANG_ENABLE_MODULES = YES;
				CLANG_ENABLE_OBJC_ARC = YES;
				CLANG_WARN_BOOL_CONVERSION = YES;
				CLANG_WARN_CONSTANT_CONVERSION = YES;
				CLANG_WARN_DIRECT_OBJC_ISA_USAGE = YES_ERROR;
				CLANG_WARN_EMPTY_BODY = YES;
				CLANG_WARN_ENUM_CONVERSION = YES;
				CLANG_WARN_INT_CONVERSION = YES;
				CLANG_WARN_OBJC_ROOT_CLASS = YES_ERROR;
				CLANG_WARN_UNREACHABLE_CODE = YES;
				CLANG_WARN__DUPLICATE_METHOD_MATCH = YES;
				"CODE_SIGN_IDENTITY[sdk=iphoneos*]" = "iPhone Developer";
				COPY_PHASE_STRIP = NO;
				DEBUG_INFORMATION_FORMAT = "dwarf-with-dsym";
				ENABLE_NS_ASSERTIONS = NO;
				ENABLE_STRICT_OBJC_MSGSEND = YES;
				GCC_C_LANGUAGE_STANDARD = gnu99;
				GCC_NO_COMMON_BLOCKS = YES;
				GCC_WARN_64_TO_32_BIT_CONVERSION = YES;
				GCC_WARN_ABOUT_RETURN_TYPE = YES_ERROR;
				GCC_WARN_UNDECLARED_SELECTOR = YES;
				GCC_WARN_UNINITIALIZED_AUTOS = YES_AGGRESSIVE;
				GCC_WARN_UNUSED_FUNCTION = YES;
				GCC_WARN_UNUSED_VARIABLE = YES;
				IPHONEOS_DEPLOYMENT_TARGET = 9.3;
				MTL_ENABLE_DEBUG_INFO = NO;
				SDKROOT = iphoneos;
				VALIDATE_PRODUCT = YES;
			};
			name = Release;
		};
		0289C3E81D7E6A9A00E51A7B /* Debug */ = {
			isa = XCBuildConfiguration;
			buildSettings = {
				ASSETCATALOG_COMPILER_APPICON_NAME = AppIcon;
				INFOPLIST_FILE = GetAndPostDemo/Info.plist;
				LD_RUNPATH_SEARCH_PATHS = "$(inherited) @executable_path/Frameworks";
				PRODUCT_BUNDLE_IDENTIFIER = com.zhiyou100.GetAndPostDemo;
				PRODUCT_NAME = "$(TARGET_NAME)";
			};
			name = Debug;
		};
		0289C3E91D7E6A9A00E51A7B /* Release */ = {
			isa = XCBuildConfiguration;
			buildSettings = {
				ASSETCATALOG_COMPILER_APPICON_NAME = AppIcon;
				INFOPLIST_FILE = GetAndPostDemo/Info.plist;
				LD_RUNPATH_SEARCH_PATHS = "$(inherited) @executable_path/Frameworks";
				PRODUCT_BUNDLE_IDENTIFIER = com.zhiyou100.GetAndPostDemo;
				PRODUCT_NAME = "$(TARGET_NAME)";
			};
			name = Release;
		};
		0289C3EB1D7E6A9A00E51A7B /* Debug */ = {
			isa = XCBuildConfiguration;
			buildSettings = {
				BUNDLE_LOADER = "$(TEST_HOST)";
				INFOPLIST_FILE = GetAndPostDemoTests/Info.plist;
				LD_RUNPATH_SEARCH_PATHS = "$(inherited) @executable_path/Frameworks @loader_path/Frameworks";
				PRODUCT_BUNDLE_IDENTIFIER = com.zhiyou100.GetAndPostDemoTests;
				PRODUCT_NAME = "$(TARGET_NAME)";
				TEST_HOST = "$(BUILT_PRODUCTS_DIR)/GetAndPostDemo.app/GetAndPostDemo";
			};
			name = Debug;
		};
		0289C3EC1D7E6A9A00E51A7B /* Release */ = {
			isa = XCBuildConfiguration;
			buildSettings = {
				BUNDLE_LOADER = "$(TEST_HOST)";
				INFOPLIST_FILE = GetAndPostDemoTests/Info.plist;
				LD_RUNPATH_SEARCH_PATHS = "$(inherited) @executable_path/Frameworks @loader_path/Frameworks";
				PRODUCT_BUNDLE_IDENTIFIER = com.zhiyou100.GetAndPostDemoTests;
				PRODUCT_NAME = "$(TARGET_NAME)";
				TEST_HOST = "$(BUILT_PRODUCTS_DIR)/GetAndPostDemo.app/GetAndPostDemo";
			};
			name = Release;
		};
		0289C3EE1D7E6A9A00E51A7B /* Debug */ = {
			isa = XCBuildConfiguration;
			buildSettings = {
				INFOPLIST_FILE = GetAndPostDemoUITests/Info.plist;
				LD_RUNPATH_SEARCH_PATHS = "$(inherited) @executable_path/Frameworks @loader_path/Frameworks";
				PRODUCT_BUNDLE_IDENTIFIER = com.zhiyou100.GetAndPostDemoUITests;
				PRODUCT_NAME = "$(TARGET_NAME)";
				TEST_TARGET_NAME = GetAndPostDemo;
			};
			name = Debug;
		};
		0289C3EF1D7E6A9A00E51A7B /* Release */ = {
			isa = XCBuildConfiguration;
			buildSettings = {
				INFOPLIST_FILE = GetAndPostDemoUITests/Info.plist;
				LD_RUNPATH_SEARCH_PATHS = "$(inherited) @executable_path/Frameworks @loader_path/Frameworks";
				PRODUCT_BUNDLE_IDENTIFIER = com.zhiyou100.GetAndPostDemoUITests;
				PRODUCT_NAME = "$(TARGET_NAME)";
				TEST_TARGET_NAME = GetAndPostDemo;
			};
			name = Release;
		};
/* End XCBuildConfiguration section */

/* Begin XCConfigurationList section */
		0289C3B51D7E6A9A00E51A7B /* Build configuration list for PBXProject "GetAndPostDemo" */ = {
			isa = XCConfigurationList;
			buildConfigurations = (
				0289C3E51D7E6A9A00E51A7B /* Debug */,
				0289C3E61D7E6A9A00E51A7B /* Release */,
			);
			defaultConfigurationIsVisible = 0;
			defaultConfigurationName = Release;
		};
		0289C3E71D7E6A9A00E51A7B /* Build configuration list for PBXNativeTarget "GetAndPostDemo" */ = {
			isa = XCConfigurationList;
			buildConfigurations = (
				0289C3E81D7E6A9A00E51A7B /* Debug */,
				0289C3E91D7E6A9A00E51A7B /* Release */,
			);
			defaultConfigurationIsVisible = 0;
		};
		0289C3EA1D7E6A9A00E51A7B /* Build configuration list for PBXNativeTarget "GetAndPostDemoTests" */ = {
			isa = XCConfigurationList;
			buildConfigurations = (
				0289C3EB1D7E6A9A00E51A7B /* Debug */,
				0289C3EC1D7E6A9A00E51A7B /* Release */,
			);
			defaultConfigurationIsVisible = 0;
		};
		0289C3ED1D7E6A9A00E51A7B /* Build configuration list for PBXNativeTarget "GetAndPostDemoUITests" */ = {
			isa = XCConfigurationList;
			buildConfigurations = (
				0289C3EE1D7E6A9A00E51A7B /* Debug */,
				0289C3EF1D7E6A9A00E51A7B /* Release */,
			);
			defaultConfigurationIsVisible = 0;
		};
/* End XCConfigurationList section */
	};
	rootObject = 0289C3B21D7E6A9A00E51A7B /* Project object */;
}
